// !$*UTF8*$!
{
	archiveVersion = 1;
	classes = {
	};
	objectVersion = 46;
	objects = {

/* Begin PBXBuildFile section */
		88097DE71F13AA010035ABB3 /* Constants.swift in Sources */ = {isa = PBXBuildFile; fileRef = 88097DDE1F13AA010035ABB3 /* Constants.swift */; };
		88097DE81F13AA010035ABB3 /* SyncAgent.swift in Sources */ = {isa = PBXBuildFile; fileRef = 88097DDF1F13AA010035ABB3 /* SyncAgent.swift */; };
		88097DEA1F13AA010035ABB3 /* Messages.proto in Resources */ = {isa = PBXBuildFile; fileRef = 88097DE11F13AA010035ABB3 /* Messages.proto */; };
		88097DEC1F13AA010035ABB3 /* PSChunk.swift in Sources */ = {isa = PBXBuildFile; fileRef = 88097DE31F13AA010035ABB3 /* PSChunk.swift */; };
		88097DED1F13AA010035ABB3 /* PSMessage.swift in Sources */ = {isa = PBXBuildFile; fileRef = 88097DE41F13AA010035ABB3 /* PSMessage.swift */; };
		88097DEE1F13AA010035ABB3 /* PSPacket.swift in Sources */ = {isa = PBXBuildFile; fileRef = 88097DE51F13AA010035ABB3 /* PSPacket.swift */; };
		88097DEF1F13AA010035ABB3 /* Util.swift in Sources */ = {isa = PBXBuildFile; fileRef = 88097DE61F13AA010035ABB3 /* Util.swift */; };
		88097DF11F13AD260035ABB3 /* Messages.pb.swift in Sources */ = {isa = PBXBuildFile; fileRef = 88097DF01F13AD260035ABB3 /* Messages.pb.swift */; };
		888CD8C11F1774EB00A49A11 /* DeviceManager.swift in Sources */ = {isa = PBXBuildFile; fileRef = 888CD8C01F1774EB00A49A11 /* DeviceManager.swift */; };
		888CD8C51F17A9C500A49A11 /* SyncManager.swift in Sources */ = {isa = PBXBuildFile; fileRef = 888CD8C41F17A9C500A49A11 /* SyncManager.swift */; };
		888CD8C71F17AD2600A49A11 /* Device.swift in Sources */ = {isa = PBXBuildFile; fileRef = 888CD8C61F17AD2600A49A11 /* Device.swift */; };
		889596961F183B3100990761 /* DeviceInfo.swift in Sources */ = {isa = PBXBuildFile; fileRef = 889596951F183B3100990761 /* DeviceInfo.swift */; };
		88C463D41F13A94000D93034 /* AppDelegate.swift in Sources */ = {isa = PBXBuildFile; fileRef = 88C463D31F13A94000D93034 /* AppDelegate.swift */; };
		88C463D81F13A94000D93034 /* Assets.xcassets in Resources */ = {isa = PBXBuildFile; fileRef = 88C463D71F13A94000D93034 /* Assets.xcassets */; };
		88C463DB1F13A94000D93034 /* Main.storyboard in Resources */ = {isa = PBXBuildFile; fileRef = 88C463D91F13A94000D93034 /* Main.storyboard */; };
		BF894BB64C73C66EDE4F50CD /* Pods_polarbtdump.framework in Frameworks */ = {isa = PBXBuildFile; fileRef = 1C12C0B35EDBBD4653041164 /* Pods_polarbtdump.framework */; };
/* End PBXBuildFile section */

/* Begin PBXFileReference section */
		1C12C0B35EDBBD4653041164 /* Pods_polarbtdump.framework */ = {isa = PBXFileReference; explicitFileType = wrapper.framework; includeInIndex = 0; path = Pods_polarbtdump.framework; sourceTree = BUILT_PRODUCTS_DIR; };
		88097DDE1F13AA010035ABB3 /* Constants.swift */ = {isa = PBXFileReference; fileEncoding = 4; lastKnownFileType = sourcecode.swift; path = Constants.swift; sourceTree = "<group>"; };
		88097DDF1F13AA010035ABB3 /* SyncAgent.swift */ = {isa = PBXFileReference; fileEncoding = 4; lastKnownFileType = sourcecode.swift; path = SyncAgent.swift; sourceTree = "<group>"; };
		88097DE11F13AA010035ABB3 /* Messages.proto */ = {isa = PBXFileReference; fileEncoding = 4; lastKnownFileType = text; path = Messages.proto; sourceTree = "<group>"; };
		88097DE31F13AA010035ABB3 /* PSChunk.swift */ = {isa = PBXFileReference; fileEncoding = 4; lastKnownFileType = sourcecode.swift; path = PSChunk.swift; sourceTree = "<group>"; };
		88097DE41F13AA010035ABB3 /* PSMessage.swift */ = {isa = PBXFileReference; fileEncoding = 4; lastKnownFileType = sourcecode.swift; path = PSMessage.swift; sourceTree = "<group>"; };
		88097DE51F13AA010035ABB3 /* PSPacket.swift */ = {isa = PBXFileReference; fileEncoding = 4; lastKnownFileType = sourcecode.swift; path = PSPacket.swift; sourceTree = "<group>"; };
		88097DE61F13AA010035ABB3 /* Util.swift */ = {isa = PBXFileReference; fileEncoding = 4; lastKnownFileType = sourcecode.swift; path = Util.swift; sourceTree = "<group>"; };
		88097DF01F13AD260035ABB3 /* Messages.pb.swift */ = {isa = PBXFileReference; fileEncoding = 4; lastKnownFileType = sourcecode.swift; path = Messages.pb.swift; sourceTree = "<group>"; };
		888CD8C01F1774EB00A49A11 /* DeviceManager.swift */ = {isa = PBXFileReference; fileEncoding = 4; lastKnownFileType = sourcecode.swift; path = DeviceManager.swift; sourceTree = "<group>"; };
		888CD8C41F17A9C500A49A11 /* SyncManager.swift */ = {isa = PBXFileReference; fileEncoding = 4; lastKnownFileType = sourcecode.swift; path = SyncManager.swift; sourceTree = "<group>"; };
		888CD8C61F17AD2600A49A11 /* Device.swift */ = {isa = PBXFileReference; fileEncoding = 4; lastKnownFileType = sourcecode.swift; path = Device.swift; sourceTree = "<group>"; };
		889596951F183B3100990761 /* DeviceInfo.swift */ = {isa = PBXFileReference; fileEncoding = 4; lastKnownFileType = sourcecode.swift; path = DeviceInfo.swift; sourceTree = "<group>"; };
		88C463D01F13A94000D93034 /* polarbtdump.app */ = {isa = PBXFileReference; explicitFileType = wrapper.application; includeInIndex = 0; path = polarbtdump.app; sourceTree = BUILT_PRODUCTS_DIR; };
		88C463D31F13A94000D93034 /* AppDelegate.swift */ = {isa = PBXFileReference; lastKnownFileType = sourcecode.swift; path = AppDelegate.swift; sourceTree = "<group>"; };
		88C463D71F13A94000D93034 /* Assets.xcassets */ = {isa = PBXFileReference; lastKnownFileType = folder.assetcatalog; path = Assets.xcassets; sourceTree = "<group>"; };
		88C463DA1F13A94000D93034 /* Base */ = {isa = PBXFileReference; lastKnownFileType = file.storyboard; name = Base; path = Base.lproj/Main.storyboard; sourceTree = "<group>"; };
		88C463DC1F13A94000D93034 /* Info.plist */ = {isa = PBXFileReference; lastKnownFileType = text.plist.xml; path = Info.plist; sourceTree = "<group>"; };
		BEFF71FFF6340D8559EFFC9F /* Pods-polarbtdump.release.xcconfig */ = {isa = PBXFileReference; includeInIndex = 1; lastKnownFileType = text.xcconfig; name = "Pods-polarbtdump.release.xcconfig"; path = "Pods/Target Support Files/Pods-polarbtdump/Pods-polarbtdump.release.xcconfig"; sourceTree = "<group>"; };
		C2C26FE6E7ACFCF509BBF3D9 /* Pods-polarbtdump.debug.xcconfig */ = {isa = PBXFileReference; includeInIndex = 1; lastKnownFileType = text.xcconfig; name = "Pods-polarbtdump.debug.xcconfig"; path = "Pods/Target Support Files/Pods-polarbtdump/Pods-polarbtdump.debug.xcconfig"; sourceTree = "<group>"; };
/* End PBXFileReference section */

/* Begin PBXFrameworksBuildPhase section */
		88C463CD1F13A94000D93034 /* Frameworks */ = {
			isa = PBXFrameworksBuildPhase;
			buildActionMask = 2147483647;
			files = (
				BF894BB64C73C66EDE4F50CD /* Pods_polarbtdump.framework in Frameworks */,
			);
			runOnlyForDeploymentPostprocessing = 0;
		};
/* End PBXFrameworksBuildPhase section */

/* Begin PBXGroup section */
		4B9F605C5EA74F09E1D393FE /* Pods */ = {
			isa = PBXGroup;
			children = (
				C2C26FE6E7ACFCF509BBF3D9 /* Pods-polarbtdump.debug.xcconfig */,
				BEFF71FFF6340D8559EFFC9F /* Pods-polarbtdump.release.xcconfig */,
			);
			name = Pods;
			sourceTree = "<group>";
		};
		60BE378AA9EA7E921F5FBAEB /* Frameworks */ = {
			isa = PBXGroup;
			children = (
				1C12C0B35EDBBD4653041164 /* Pods_polarbtdump.framework */,
			);
			name = Frameworks;
			sourceTree = "<group>";
		};
		888CD8C81F17CF9C00A49A11 /* Device */ = {
			isa = PBXGroup;
			children = (
				888CD8C61F17AD2600A49A11 /* Device.swift */,
				889596951F183B3100990761 /* DeviceInfo.swift */,
				888CD8C01F1774EB00A49A11 /* DeviceManager.swift */,
			);
			name = Device;
			sourceTree = "<group>";
		};
		889596941F18398400990761 /* Sync */ = {
			isa = PBXGroup;
			children = (
				88097DDF1F13AA010035ABB3 /* SyncAgent.swift */,
				888CD8C41F17A9C500A49A11 /* SyncManager.swift */,
			);
			name = Sync;
			sourceTree = "<group>";
		};
		88B9D7431F13D028005AE084 /* Protocol */ = {
			isa = PBXGroup;
			children = (
				88097DE11F13AA010035ABB3 /* Messages.proto */,
				88097DF01F13AD260035ABB3 /* Messages.pb.swift */,
				88097DE41F13AA010035ABB3 /* PSMessage.swift */,
				88097DE31F13AA010035ABB3 /* PSChunk.swift */,
				88097DE51F13AA010035ABB3 /* PSPacket.swift */,
			);
			name = Protocol;
			sourceTree = "<group>";
		};
		88C463C71F13A94000D93034 = {
			isa = PBXGroup;
			children = (
				88C463D21F13A94000D93034 /* polarbtdump */,
				88C463D11F13A94000D93034 /* Products */,
				4B9F605C5EA74F09E1D393FE /* Pods */,
				60BE378AA9EA7E921F5FBAEB /* Frameworks */,
			);
			sourceTree = "<group>";
		};
		88C463D11F13A94000D93034 /* Products */ = {
			isa = PBXGroup;
			children = (
				88C463D01F13A94000D93034 /* polarbtdump.app */,
			);
			name = Products;
			sourceTree = "<group>";
		};
		88C463D21F13A94000D93034 /* polarbtdump */ = {
			isa = PBXGroup;
			children = (
				88B9D7431F13D028005AE084 /* Protocol */,
				888CD8C81F17CF9C00A49A11 /* Device */,
				889596941F18398400990761 /* Sync */,
				88097DDE1F13AA010035ABB3 /* Constants.swift */,
				88097DE61F13AA010035ABB3 /* Util.swift */,
				88C463D31F13A94000D93034 /* AppDelegate.swift */,
				88C463D71F13A94000D93034 /* Assets.xcassets */,
				88C463D91F13A94000D93034 /* Main.storyboard */,
				88C463DC1F13A94000D93034 /* Info.plist */,
			);
			path = polarbtdump;
			sourceTree = "<group>";
		};
/* End PBXGroup section */

/* Begin PBXNativeTarget section */
		88C463CF1F13A94000D93034 /* polarbtdump */ = {
			isa = PBXNativeTarget;
			buildConfigurationList = 88C463DF1F13A94000D93034 /* Build configuration list for PBXNativeTarget "polarbtdump" */;
			buildPhases = (
				4B92D8D2ADD5D298E9CA1477 /* [CP] Check Pods Manifest.lock */,
				88C463CC1F13A94000D93034 /* Sources */,
				88C463CD1F13A94000D93034 /* Frameworks */,
				88C463CE1F13A94000D93034 /* Resources */,
				ABA47E9C41EDE31BB87D7FF8 /* [CP] Embed Pods Frameworks */,
				D885CC5D3DA648F354194C2E /* [CP] Copy Pods Resources */,
			);
			buildRules = (
			);
			dependencies = (
			);
			name = polarbtdump;
			productName = polarbtdump;
			productReference = 88C463D01F13A94000D93034 /* polarbtdump.app */;
			productType = "com.apple.product-type.application";
		};
/* End PBXNativeTarget section */

/* Begin PBXProject section */
		88C463C81F13A94000D93034 /* Project object */ = {
			isa = PBXProject;
			attributes = {
				LastSwiftUpdateCheck = 0830;
				LastUpgradeCheck = 0830;
				ORGANIZATIONNAME = typedef.io;
				TargetAttributes = {
					88C463CF1F13A94000D93034 = {
						CreatedOnToolsVersion = 8.3.3;
						ProvisioningStyle = Automatic;
					};
				};
			};
			buildConfigurationList = 88C463CB1F13A94000D93034 /* Build configuration list for PBXProject "polarbtdump" */;
			compatibilityVersion = "Xcode 3.2";
			developmentRegion = English;
			hasScannedForEncodings = 0;
			knownRegions = (
				en,
				Base,
			);
			mainGroup = 88C463C71F13A94000D93034;
			productRefGroup = 88C463D11F13A94000D93034 /* Products */;
			projectDirPath = "";
			projectRoot = "";
			targets = (
				88C463CF1F13A94000D93034 /* polarbtdump */,
			);
		};
/* End PBXProject section */

/* Begin PBXResourcesBuildPhase section */
		88C463CE1F13A94000D93034 /* Resources */ = {
			isa = PBXResourcesBuildPhase;
			buildActionMask = 2147483647;
			files = (
				88097DEA1F13AA010035ABB3 /* Messages.proto in Resources */,
				88C463D81F13A94000D93034 /* Assets.xcassets in Resources */,
				88C463DB1F13A94000D93034 /* Main.storyboard in Resources */,
			);
			runOnlyForDeploymentPostprocessing = 0;
		};
/* End PBXResourcesBuildPhase section */

/* Begin PBXShellScriptBuildPhase section */
		4B92D8D2ADD5D298E9CA1477 /* [CP] Check Pods Manifest.lock */ = {
			isa = PBXShellScriptBuildPhase;
			buildActionMask = 2147483647;
			files = (
			);
			inputPaths = (
			);
			name = "[CP] Check Pods Manifest.lock";
			outputPaths = (
			);
			runOnlyForDeploymentPostprocessing = 0;
			shellPath = /bin/sh;
			shellScript = "diff \"${PODS_PODFILE_DIR_PATH}/Podfile.lock\" \"${PODS_ROOT}/Manifest.lock\" > /dev/null\nif [ $? != 0 ] ; then\n    # print error to STDERR\n    echo \"error: The sandbox is not in sync with the Podfile.lock. Run 'pod install' or update your CocoaPods installation.\" >&2\n    exit 1\nfi\n";
			showEnvVarsInLog = 0;
		};
		ABA47E9C41EDE31BB87D7FF8 /* [CP] Embed Pods Frameworks */ = {
			isa = PBXShellScriptBuildPhase;
			buildActionMask = 2147483647;
			files = (
			);
			inputPaths = (
			);
			name = "[CP] Embed Pods Frameworks";
			outputPaths = (
			);
			runOnlyForDeploymentPostprocessing = 0;
			shellPath = /bin/sh;
			shellScript = "\"${SRCROOT}/Pods/Target Support Files/Pods-polarbtdump/Pods-polarbtdump-frameworks.sh\"\n";
			showEnvVarsInLog = 0;
		};
		D885CC5D3DA648F354194C2E /* [CP] Copy Pods Resources */ = {
			isa = PBXShellScriptBuildPhase;
			buildActionMask = 2147483647;
			files = (
			);
			inputPaths = (
			);
			name = "[CP] Copy Pods Resources";
			outputPaths = (
			);
			runOnlyForDeploymentPostprocessing = 0;
			shellPath = /bin/sh;
			shellScript = "\"${SRCROOT}/Pods/Target Support Files/Pods-polarbtdump/Pods-polarbtdump-resources.sh\"\n";
			showEnvVarsInLog = 0;
		};
/* End PBXShellScriptBuildPhase section */

/* Begin PBXSourcesBuildPhase section */
		88C463CC1F13A94000D93034 /* Sources */ = {
			isa = PBXSourcesBuildPhase;
			buildActionMask = 2147483647;
			files = (
				888CD8C71F17AD2600A49A11 /* Device.swift in Sources */,
				88097DE81F13AA010035ABB3 /* SyncAgent.swift in Sources */,
				88097DF11F13AD260035ABB3 /* Messages.pb.swift in Sources */,
				88097DEE1F13AA010035ABB3 /* PSPacket.swift in Sources */,
				88097DED1F13AA010035ABB3 /* PSMessage.swift in Sources */,
				88097DEC1F13AA010035ABB3 /* PSChunk.swift in Sources */,
				88097DEF1F13AA010035ABB3 /* Util.swift in Sources */,
				889596961F183B3100990761 /* DeviceInfo.swift in Sources */,
				888CD8C51F17A9C500A49A11 /* SyncManager.swift in Sources */,
				88C463D41F13A94000D93034 /* AppDelegate.swift in Sources */,
				888CD8C11F1774EB00A49A11 /* DeviceManager.swift in Sources */,
				88097DE71F13AA010035ABB3 /* Constants.swift in Sources */,
			);
			runOnlyForDeploymentPostprocessing = 0;
		};
/* End PBXSourcesBuildPhase section */

/* Begin PBXVariantGroup section */
		88C463D91F13A94000D93034 /* Main.storyboard */ = {
			isa = PBXVariantGroup;
			children = (
				88C463DA1F13A94000D93034 /* Base */,
			);
			name = Main.storyboard;
			sourceTree = "<group>";
		};
/* End PBXVariantGroup section */

/* Begin XCBuildConfiguration section */
		88C463DD1F13A94000D93034 /* Debug */ = {
			isa = XCBuildConfiguration;
			buildSettings = {
				ALWAYS_SEARCH_USER_PATHS = NO;
				CLANG_ANALYZER_NONNULL = YES;
				CLANG_ANALYZER_NUMBER_OBJECT_CONVERSION = YES_AGGRESSIVE;
				CLANG_CXX_LANGUAGE_STANDARD = "gnu++0x";
				CLANG_CXX_LIBRARY = "libc++";
				CLANG_ENABLE_MODULES = YES;
				CLANG_ENABLE_OBJC_ARC = YES;
				CLANG_WARN_BOOL_CONVERSION = YES;
				CLANG_WARN_CONSTANT_CONVERSION = YES;
				CLANG_WARN_DIRECT_OBJC_ISA_USAGE = YES_ERROR;
				CLANG_WARN_DOCUMENTATION_COMMENTS = YES;
				CLANG_WARN_EMPTY_BODY = YES;
				CLANG_WARN_ENUM_CONVERSION = YES;
				CLANG_WARN_INFINITE_RECURSION = YES;
				CLANG_WARN_INT_CONVERSION = YES;
				CLANG_WARN_OBJC_ROOT_CLASS = YES_ERROR;
				CLANG_WARN_SUSPICIOUS_MOVE = YES;
				CLANG_WARN_UNREACHABLE_CODE = YES;
				CLANG_WARN__DUPLICATE_METHOD_MATCH = YES;
				CODE_SIGN_IDENTITY = "-";
				COPY_PHASE_STRIP = NO;
				DEBUG_INFORMATION_FORMAT = dwarf;
				ENABLE_STRICT_OBJC_MSGSEND = YES;
				ENABLE_TESTABILITY = YES;
				GCC_C_LANGUAGE_STANDARD = gnu99;
				GCC_DYNAMIC_NO_PIC = NO;
				GCC_NO_COMMON_BLOCKS = YES;
				GCC_OPTIMIZATION_LEVEL = 0;
				GCC_PREPROCESSOR_DEFINITIONS = (
					"DEBUG=1",
					"$(inherited)",
				);
				GCC_WARN_64_TO_32_BIT_CONVERSION = YES;
				GCC_WARN_ABOUT_RETURN_TYPE = YES_ERROR;
				GCC_WARN_UNDECLARED_SELECTOR = YES;
				GCC_WARN_UNINITIALIZED_AUTOS = YES_AGGRESSIVE;
				GCC_WARN_UNUSED_FUNCTION = YES;
				GCC_WARN_UNUSED_VARIABLE = YES;
				MACOSX_DEPLOYMENT_TARGET = 10.12;
				MTL_ENABLE_DEBUG_INFO = YES;
				ONLY_ACTIVE_ARCH = YES;
				SDKROOT = macosx;
				SWIFT_ACTIVE_COMPILATION_CONDITIONS = DEBUG;
				SWIFT_OPTIMIZATION_LEVEL = "-Onone";
			};
			name = Debug;
		};
		88C463DE1F13A94000D93034 /* Release */ = {
			isa = XCBuildConfiguration;
			buildSettings = {
				ALWAYS_SEARCH_USER_PATHS = NO;
				CLANG_ANALYZER_NONNULL = YES;
				CLANG_ANALYZER_NUMBER_OBJECT_CONVERSION = YES_AGGRESSIVE;
				CLANG_CXX_LANGUAGE_STANDARD = "gnu++0x";
				CLANG_CXX_LIBRARY = "libc++";
				CLANG_ENABLE_MODULES = YES;
				CLANG_ENABLE_OBJC_ARC = YES;
				CLANG_WARN_BOOL_CONVERSION = YES;
				CLANG_WARN_CONSTANT_CONVERSION = YES;
				CLANG_WARN_DIRECT_OBJC_ISA_USAGE = YES_ERROR;
				CLANG_WARN_DOCUMENTATION_COMMENTS = YES;
				CLANG_WARN_EMPTY_BODY = YES;
				CLANG_WARN_ENUM_CONVERSION = YES;
				CLANG_WARN_INFINITE_RECURSION = YES;
				CLANG_WARN_INT_CONVERSION = YES;
				CLANG_WARN_OBJC_ROOT_CLASS = YES_ERROR;
				CLANG_WARN_SUSPICIOUS_MOVE = YES;
				CLANG_WARN_UNREACHABLE_CODE = YES;
				CLANG_WARN__DUPLICATE_METHOD_MATCH = YES;
				CODE_SIGN_IDENTITY = "-";
				COPY_PHASE_STRIP = NO;
				DEBUG_INFORMATION_FORMAT = "dwarf-with-dsym";
				ENABLE_NS_ASSERTIONS = NO;
				ENABLE_STRICT_OBJC_MSGSEND = YES;
				GCC_C_LANGUAGE_STANDARD = gnu99;
				GCC_NO_COMMON_BLOCKS = YES;
				GCC_WARN_64_TO_32_BIT_CONVERSION = YES;
				GCC_WARN_ABOUT_RETURN_TYPE = YES_ERROR;
				GCC_WARN_UNDECLARED_SELECTOR = YES;
				GCC_WARN_UNINITIALIZED_AUTOS = YES_AGGRESSIVE;
				GCC_WARN_UNUSED_FUNCTION = YES;
				GCC_WARN_UNUSED_VARIABLE = YES;
				MACOSX_DEPLOYMENT_TARGET = 10.12;
				MTL_ENABLE_DEBUG_INFO = NO;
				SDKROOT = macosx;
				SWIFT_OPTIMIZATION_LEVEL = "-Owholemodule";
			};
			name = Release;
		};
		88C463E01F13A94000D93034 /* Debug */ = {
			isa = XCBuildConfiguration;
			baseConfigurationReference = C2C26FE6E7ACFCF509BBF3D9 /* Pods-polarbtdump.debug.xcconfig */;
			buildSettings = {
				ASSETCATALOG_COMPILER_APPICON_NAME = AppIcon;
				COMBINE_HIDPI_IMAGES = YES;
				INFOPLIST_FILE = polarbtdump/Info.plist;
				LD_RUNPATH_SEARCH_PATHS = "$(inherited) @executable_path/../Frameworks";
				PRODUCT_BUNDLE_IDENTIFIER = io.typedef.polarbtdump;
				PRODUCT_NAME = "$(TARGET_NAME)";
				SWIFT_VERSION = 3.0;
			};
			name = Debug;
		};
		88C463E11F13A94000D93034 /* Release */ = {
			isa = XCBuildConfiguration;
			baseConfigurationReference = BEFF71FFF6340D8559EFFC9F /* Pods-polarbtdump.release.xcconfig */;
			buildSettings = {
				ASSETCATALOG_COMPILER_APPICON_NAME = AppIcon;
				COMBINE_HIDPI_IMAGES = YES;
				INFOPLIST_FILE = polarbtdump/Info.plist;
				LD_RUNPATH_SEARCH_PATHS = "$(inherited) @executable_path/../Frameworks";
				PRODUCT_BUNDLE_IDENTIFIER = io.typedef.polarbtdump;
				PRODUCT_NAME = "$(TARGET_NAME)";
				SWIFT_VERSION = 3.0;
			};
			name = Release;
		};
/* End XCBuildConfiguration section */

/* Begin XCConfigurationList section */
		88C463CB1F13A94000D93034 /* Build configuration list for PBXProject "polarbtdump" */ = {
			isa = XCConfigurationList;
			buildConfigurations = (
				88C463DD1F13A94000D93034 /* Debug */,
				88C463DE1F13A94000D93034 /* Release */,
			);
			defaultConfigurationIsVisible = 0;
			defaultConfigurationName = Release;
		};
		88C463DF1F13A94000D93034 /* Build configuration list for PBXNativeTarget "polarbtdump" */ = {
			isa = XCConfigurationList;
			buildConfigurations = (
				88C463E01F13A94000D93034 /* Debug */,
				88C463E11F13A94000D93034 /* Release */,
			);
			defaultConfigurationIsVisible = 0;
			defaultConfigurationName = Release;
		};
/* End XCConfigurationList section */
	};
	rootObject = 88C463C81F13A94000D93034 /* Project object */;
}
