// !$*UTF8*$!
{
	archiveVersion = 1;
	classes = {
	};
	objectVersion = 46;
	objects = {

/* Begin PBXBuildFile section */
		41CD89D51D05FF6600463228 /* main.swift in Sources */ = {isa = PBXBuildFile; fileRef = 41CD89D41D05FF6600463228 /* main.swift */; };
		41CD89DC1D06000F00463228 /* PolarDump.swift in Sources */ = {isa = PBXBuildFile; fileRef = 41CD89DB1D06000E00463228 /* PolarDump.swift */; };
		41CD89E11D0600A700463228 /* Constants.swift in Sources */ = {isa = PBXBuildFile; fileRef = 41CD89DE1D0600A700463228 /* Constants.swift */; };
		41CD89E21D0600A700463228 /* Utils.swift in Sources */ = {isa = PBXBuildFile; fileRef = 41CD89DF1D0600A700463228 /* Utils.swift */; };
		41CD89F31D06094C00463228 /* AbstractMessage.swift in Sources */ = {isa = PBXBuildFile; fileRef = 41CD89E31D06094C00463228 /* AbstractMessage.swift */; };
		41CD89F41D06094C00463228 /* CodedInputStream.swift in Sources */ = {isa = PBXBuildFile; fileRef = 41CD89E41D06094C00463228 /* CodedInputStream.swift */; };
		41CD89F51D06094C00463228 /* CodedOutputStream.swift in Sources */ = {isa = PBXBuildFile; fileRef = 41CD89E51D06094C00463228 /* CodedOutputStream.swift */; };
		41CD89F61D06094C00463228 /* ConcreateExtensionField.swift in Sources */ = {isa = PBXBuildFile; fileRef = 41CD89E61D06094C00463228 /* ConcreateExtensionField.swift */; };
		41CD89F71D06094C00463228 /* ExtendableMessage.swift in Sources */ = {isa = PBXBuildFile; fileRef = 41CD89E81D06094C00463228 /* ExtendableMessage.swift */; };
		41CD89F81D06094C00463228 /* ExtensionRegistry.swift in Sources */ = {isa = PBXBuildFile; fileRef = 41CD89E91D06094C00463228 /* ExtensionRegistry.swift */; };
		41CD89F91D06094C00463228 /* Field.swift in Sources */ = {isa = PBXBuildFile; fileRef = 41CD89EA1D06094C00463228 /* Field.swift */; };
		41CD89FA1D06094C00463228 /* GeneratedMessage.swift in Sources */ = {isa = PBXBuildFile; fileRef = 41CD89EB1D06094C00463228 /* GeneratedMessage.swift */; };
		41CD89FB1D06094C00463228 /* Google.Protobuf.Descriptor.proto.swift in Sources */ = {isa = PBXBuildFile; fileRef = 41CD89EC1D06094C00463228 /* Google.Protobuf.Descriptor.proto.swift */; };
		41CD89FC1D06094C00463228 /* Google.Protobuf.SwiftDescriptor.proto.swift in Sources */ = {isa = PBXBuildFile; fileRef = 41CD89ED1D06094C00463228 /* Google.Protobuf.SwiftDescriptor.proto.swift */; };
		41CD89FD1D06094C00463228 /* RingBuffer.swift in Sources */ = {isa = PBXBuildFile; fileRef = 41CD89EF1D06094C00463228 /* RingBuffer.swift */; };
		41CD89FE1D06094C00463228 /* UnknownFieldSet.swift in Sources */ = {isa = PBXBuildFile; fileRef = 41CD89F11D06094C00463228 /* UnknownFieldSet.swift */; };
		41CD89FF1D06094C00463228 /* WireFormat.swift in Sources */ = {isa = PBXBuildFile; fileRef = 41CD89F21D06094C00463228 /* WireFormat.swift */; };
		41CD8A061D060A1300463228 /* PSChunk.swift in Sources */ = {isa = PBXBuildFile; fileRef = 41CD8A031D060A1300463228 /* PSChunk.swift */; };
		41CD8A071D060A1300463228 /* PSMessage.swift in Sources */ = {isa = PBXBuildFile; fileRef = 41CD8A041D060A1300463228 /* PSMessage.swift */; };
		41CD8A081D060A1300463228 /* PSPacket.swift in Sources */ = {isa = PBXBuildFile; fileRef = 41CD8A051D060A1300463228 /* PSPacket.swift */; };
/* End PBXBuildFile section */

/* Begin PBXCopyFilesBuildPhase section */
		41CD89CF1D05FF6600463228 /* CopyFiles */ = {
			isa = PBXCopyFilesBuildPhase;
			buildActionMask = 2147483647;
			dstPath = /usr/share/man/man1/;
			dstSubfolderSpec = 0;
			files = (
			);
			runOnlyForDeploymentPostprocessing = 1;
		};
/* End PBXCopyFilesBuildPhase section */

/* Begin PBXFileReference section */
		41CD89D11D05FF6600463228 /* polarbtdump */ = {isa = PBXFileReference; explicitFileType = "compiled.mach-o.executable"; includeInIndex = 0; path = polarbtdump; sourceTree = BUILT_PRODUCTS_DIR; };
		41CD89D41D05FF6600463228 /* main.swift */ = {isa = PBXFileReference; lastKnownFileType = sourcecode.swift; path = main.swift; sourceTree = "<group>"; };
		41CD89DB1D06000E00463228 /* PolarDump.swift */ = {isa = PBXFileReference; fileEncoding = 4; lastKnownFileType = sourcecode.swift; path = PolarDump.swift; sourceTree = "<group>"; };
		41CD89DE1D0600A700463228 /* Constants.swift */ = {isa = PBXFileReference; fileEncoding = 4; lastKnownFileType = sourcecode.swift; path = Constants.swift; sourceTree = "<group>"; };
		41CD89DF1D0600A700463228 /* Utils.swift */ = {isa = PBXFileReference; fileEncoding = 4; lastKnownFileType = sourcecode.swift; path = Utils.swift; sourceTree = "<group>"; };
		41CD89E31D06094C00463228 /* AbstractMessage.swift */ = {isa = PBXFileReference; fileEncoding = 4; lastKnownFileType = sourcecode.swift; name = AbstractMessage.swift; path = protobuf/AbstractMessage.swift; sourceTree = "<group>"; };
		41CD89E41D06094C00463228 /* CodedInputStream.swift */ = {isa = PBXFileReference; fileEncoding = 4; lastKnownFileType = sourcecode.swift; name = CodedInputStream.swift; path = protobuf/CodedInputStream.swift; sourceTree = "<group>"; };
		41CD89E51D06094C00463228 /* CodedOutputStream.swift */ = {isa = PBXFileReference; fileEncoding = 4; lastKnownFileType = sourcecode.swift; name = CodedOutputStream.swift; path = protobuf/CodedOutputStream.swift; sourceTree = "<group>"; };
		41CD89E61D06094C00463228 /* ConcreateExtensionField.swift */ = {isa = PBXFileReference; fileEncoding = 4; lastKnownFileType = sourcecode.swift; name = ConcreateExtensionField.swift; path = protobuf/ConcreateExtensionField.swift; sourceTree = "<group>"; };
		41CD89E71D06094C00463228 /* descriptor.proto */ = {isa = PBXFileReference; fileEncoding = 4; lastKnownFileType = text; name = descriptor.proto; path = protobuf/descriptor.proto; sourceTree = "<group>"; };
		41CD89E81D06094C00463228 /* ExtendableMessage.swift */ = {isa = PBXFileReference; fileEncoding = 4; lastKnownFileType = sourcecode.swift; name = ExtendableMessage.swift; path = protobuf/ExtendableMessage.swift; sourceTree = "<group>"; };
		41CD89E91D06094C00463228 /* ExtensionRegistry.swift */ = {isa = PBXFileReference; fileEncoding = 4; lastKnownFileType = sourcecode.swift; name = ExtensionRegistry.swift; path = protobuf/ExtensionRegistry.swift; sourceTree = "<group>"; };
		41CD89EA1D06094C00463228 /* Field.swift */ = {isa = PBXFileReference; fileEncoding = 4; lastKnownFileType = sourcecode.swift; name = Field.swift; path = protobuf/Field.swift; sourceTree = "<group>"; };
		41CD89EB1D06094C00463228 /* GeneratedMessage.swift */ = {isa = PBXFileReference; fileEncoding = 4; lastKnownFileType = sourcecode.swift; name = GeneratedMessage.swift; path = protobuf/GeneratedMessage.swift; sourceTree = "<group>"; };
		41CD89EC1D06094C00463228 /* Google.Protobuf.Descriptor.proto.swift */ = {isa = PBXFileReference; fileEncoding = 4; lastKnownFileType = sourcecode.swift; name = Google.Protobuf.Descriptor.proto.swift; path = protobuf/Google.Protobuf.Descriptor.proto.swift; sourceTree = "<group>"; };
		41CD89ED1D06094C00463228 /* Google.Protobuf.SwiftDescriptor.proto.swift */ = {isa = PBXFileReference; fileEncoding = 4; lastKnownFileType = sourcecode.swift; name = Google.Protobuf.SwiftDescriptor.proto.swift; path = protobuf/Google.Protobuf.SwiftDescriptor.proto.swift; sourceTree = "<group>"; };
		41CD89EE1D06094C00463228 /* ProtocolBuffers.h */ = {isa = PBXFileReference; fileEncoding = 4; lastKnownFileType = sourcecode.c.h; name = ProtocolBuffers.h; path = protobuf/ProtocolBuffers.h; sourceTree = "<group>"; };
		41CD89EF1D06094C00463228 /* RingBuffer.swift */ = {isa = PBXFileReference; fileEncoding = 4; lastKnownFileType = sourcecode.swift; name = RingBuffer.swift; path = protobuf/RingBuffer.swift; sourceTree = "<group>"; };
		41CD89F01D06094C00463228 /* swift-descriptor.proto */ = {isa = PBXFileReference; fileEncoding = 4; lastKnownFileType = text; name = "swift-descriptor.proto"; path = "protobuf/swift-descriptor.proto"; sourceTree = "<group>"; };
		41CD89F11D06094C00463228 /* UnknownFieldSet.swift */ = {isa = PBXFileReference; fileEncoding = 4; lastKnownFileType = sourcecode.swift; name = UnknownFieldSet.swift; path = protobuf/UnknownFieldSet.swift; sourceTree = "<group>"; };
		41CD89F21D06094C00463228 /* WireFormat.swift */ = {isa = PBXFileReference; fileEncoding = 4; lastKnownFileType = sourcecode.swift; name = WireFormat.swift; path = protobuf/WireFormat.swift; sourceTree = "<group>"; };
		41CD8A011D060A1300463228 /* Messages.proto */ = {isa = PBXFileReference; fileEncoding = 4; lastKnownFileType = text; path = Messages.proto; sourceTree = "<group>"; };
		41CD8A031D060A1300463228 /* PSChunk.swift */ = {isa = PBXFileReference; fileEncoding = 4; lastKnownFileType = sourcecode.swift; path = PSChunk.swift; sourceTree = "<group>"; };
		41CD8A041D060A1300463228 /* PSMessage.swift */ = {isa = PBXFileReference; fileEncoding = 4; lastKnownFileType = sourcecode.swift; path = PSMessage.swift; sourceTree = "<group>"; };
		41CD8A051D060A1300463228 /* PSPacket.swift */ = {isa = PBXFileReference; fileEncoding = 4; lastKnownFileType = sourcecode.swift; path = PSPacket.swift; sourceTree = "<group>"; };
/* End PBXFileReference section */

/* Begin PBXFrameworksBuildPhase section */
		41CD89CE1D05FF6600463228 /* Frameworks */ = {
			isa = PBXFrameworksBuildPhase;
			buildActionMask = 2147483647;
			files = (
			);
			runOnlyForDeploymentPostprocessing = 0;
		};
/* End PBXFrameworksBuildPhase section */

/* Begin PBXGroup section */
		41CD89C81D05FF6600463228 = {
			isa = PBXGroup;
			children = (
				41CD89D31D05FF6600463228 /* polarbtdump */,
				41CD89D21D05FF6600463228 /* Products */,
			);
			sourceTree = "<group>";
		};
		41CD89D21D05FF6600463228 /* Products */ = {
			isa = PBXGroup;
			children = (
				41CD89D11D05FF6600463228 /* polarbtdump */,
			);
			name = Products;
			sourceTree = "<group>";
		};
		41CD89D31D05FF6600463228 /* polarbtdump */ = {
			isa = PBXGroup;
			children = (
				41CD8A001D06095600463228 /* protobuf */,
				41CD89D41D05FF6600463228 /* main.swift */,
				41CD89DB1D06000E00463228 /* PolarDump.swift */,
				41CD8A031D060A1300463228 /* PSChunk.swift */,
				41CD8A041D060A1300463228 /* PSMessage.swift */,
				41CD8A051D060A1300463228 /* PSPacket.swift */,
				41CD89DE1D0600A700463228 /* Constants.swift */,
				41CD89DF1D0600A700463228 /* Utils.swift */,
				41CD8A011D060A1300463228 /* Messages.proto */,
			);
			path = polarbtdump;
			sourceTree = "<group>";
		};
		41CD8A001D06095600463228 /* protobuf */ = {
			isa = PBXGroup;
			children = (
				41CD89E31D06094C00463228 /* AbstractMessage.swift */,
				41CD89E41D06094C00463228 /* CodedInputStream.swift */,
				41CD89E51D06094C00463228 /* CodedOutputStream.swift */,
				41CD89E61D06094C00463228 /* ConcreateExtensionField.swift */,
				41CD89E71D06094C00463228 /* descriptor.proto */,
				41CD89E81D06094C00463228 /* ExtendableMessage.swift */,
				41CD89E91D06094C00463228 /* ExtensionRegistry.swift */,
				41CD89EA1D06094C00463228 /* Field.swift */,
				41CD89EB1D06094C00463228 /* GeneratedMessage.swift */,
				41CD89EC1D06094C00463228 /* Google.Protobuf.Descriptor.proto.swift */,
				41CD89ED1D06094C00463228 /* Google.Protobuf.SwiftDescriptor.proto.swift */,
				41CD89EE1D06094C00463228 /* ProtocolBuffers.h */,
				41CD89EF1D06094C00463228 /* RingBuffer.swift */,
				41CD89F01D06094C00463228 /* swift-descriptor.proto */,
				41CD89F11D06094C00463228 /* UnknownFieldSet.swift */,
				41CD89F21D06094C00463228 /* WireFormat.swift */,
			);
			name = protobuf;
			sourceTree = "<group>";
		};
/* End PBXGroup section */

/* Begin PBXNativeTarget section */
		41CD89D01D05FF6600463228 /* polarbtdump */ = {
			isa = PBXNativeTarget;
			buildConfigurationList = 41CD89D81D05FF6600463228 /* Build configuration list for PBXNativeTarget "polarbtdump" */;
			buildPhases = (
				41CD89CD1D05FF6600463228 /* Sources */,
				41CD89CE1D05FF6600463228 /* Frameworks */,
				41CD89CF1D05FF6600463228 /* CopyFiles */,
			);
			buildRules = (
			);
			dependencies = (
			);
			name = polarbtdump;
			productName = polarbtdump;
			productReference = 41CD89D11D05FF6600463228 /* polarbtdump */;
			productType = "com.apple.product-type.tool";
		};
/* End PBXNativeTarget section */

/* Begin PBXProject section */
		41CD89C91D05FF6600463228 /* Project object */ = {
			isa = PBXProject;
			attributes = {
				LastSwiftUpdateCheck = 0730;
				LastUpgradeCheck = 0730;
				ORGANIZATIONNAME = "Adam Kuczyński";
				TargetAttributes = {
					41CD89D01D05FF6600463228 = {
						CreatedOnToolsVersion = 7.3.1;
					};
				};
			};
			buildConfigurationList = 41CD89CC1D05FF6600463228 /* Build configuration list for PBXProject "polarbtdump" */;
			compatibilityVersion = "Xcode 3.2";
			developmentRegion = English;
			hasScannedForEncodings = 0;
			knownRegions = (
				en,
			);
			mainGroup = 41CD89C81D05FF6600463228;
			productRefGroup = 41CD89D21D05FF6600463228 /* Products */;
			projectDirPath = "";
			projectRoot = "";
			targets = (
				41CD89D01D05FF6600463228 /* polarbtdump */,
			);
		};
/* End PBXProject section */

/* Begin PBXSourcesBuildPhase section */
		41CD89CD1D05FF6600463228 /* Sources */ = {
			isa = PBXSourcesBuildPhase;
			buildActionMask = 2147483647;
			files = (
				41CD89FE1D06094C00463228 /* UnknownFieldSet.swift in Sources */,
				41CD89F81D06094C00463228 /* ExtensionRegistry.swift in Sources */,
				41CD89E21D0600A700463228 /* Utils.swift in Sources */,
				41CD89FC1D06094C00463228 /* Google.Protobuf.SwiftDescriptor.proto.swift in Sources */,
				41CD89F31D06094C00463228 /* AbstractMessage.swift in Sources */,
				41CD8A071D060A1300463228 /* PSMessage.swift in Sources */,
				41CD89F51D06094C00463228 /* CodedOutputStream.swift in Sources */,
				41CD8A061D060A1300463228 /* PSChunk.swift in Sources */,
				41CD8A081D060A1300463228 /* PSPacket.swift in Sources */,
				41CD89DC1D06000F00463228 /* PolarDump.swift in Sources */,
				41CD89F71D06094C00463228 /* ExtendableMessage.swift in Sources */,
				41CD89D51D05FF6600463228 /* main.swift in Sources */,
				41CD89F61D06094C00463228 /* ConcreateExtensionField.swift in Sources */,
				41CD89F41D06094C00463228 /* CodedInputStream.swift in Sources */,
				41CD89FA1D06094C00463228 /* GeneratedMessage.swift in Sources */,
				41CD89FD1D06094C00463228 /* RingBuffer.swift in Sources */,
				41CD89FB1D06094C00463228 /* Google.Protobuf.Descriptor.proto.swift in Sources */,
				41CD89E11D0600A700463228 /* Constants.swift in Sources */,
				41CD89FF1D06094C00463228 /* WireFormat.swift in Sources */,
				41CD89F91D06094C00463228 /* Field.swift in Sources */,
			);
			runOnlyForDeploymentPostprocessing = 0;
		};
/* End PBXSourcesBuildPhase section */

/* Begin XCBuildConfiguration section */
		41CD89D61D05FF6600463228 /* Debug */ = {
			isa = XCBuildConfiguration;
			buildSettings = {
				ALWAYS_SEARCH_USER_PATHS = NO;
				CLANG_ANALYZER_NONNULL = YES;
				CLANG_CXX_LANGUAGE_STANDARD = "gnu++0x";
				CLANG_CXX_LIBRARY = "libc++";
				CLANG_ENABLE_MODULES = YES;
				CLANG_ENABLE_OBJC_ARC = YES;
				CLANG_WARN_BOOL_CONVERSION = YES;
				CLANG_WARN_CONSTANT_CONVERSION = YES;
				CLANG_WARN_DIRECT_OBJC_ISA_USAGE = YES_ERROR;
				CLANG_WARN_EMPTY_BODY = YES;
				CLANG_WARN_ENUM_CONVERSION = YES;
				CLANG_WARN_INT_CONVERSION = YES;
				CLANG_WARN_OBJC_ROOT_CLASS = YES_ERROR;
				CLANG_WARN_UNREACHABLE_CODE = YES;
				CLANG_WARN__DUPLICATE_METHOD_MATCH = YES;
				CODE_SIGN_IDENTITY = "-";
				COPY_PHASE_STRIP = NO;
				DEBUG_INFORMATION_FORMAT = dwarf;
				ENABLE_STRICT_OBJC_MSGSEND = YES;
				ENABLE_TESTABILITY = YES;
				GCC_C_LANGUAGE_STANDARD = gnu99;
				GCC_DYNAMIC_NO_PIC = NO;
				GCC_NO_COMMON_BLOCKS = YES;
				GCC_OPTIMIZATION_LEVEL = 0;
				GCC_PREPROCESSOR_DEFINITIONS = (
					"DEBUG=1",
					"$(inherited)",
				);
				GCC_WARN_64_TO_32_BIT_CONVERSION = YES;
				GCC_WARN_ABOUT_RETURN_TYPE = YES_ERROR;
				GCC_WARN_UNDECLARED_SELECTOR = YES;
				GCC_WARN_UNINITIALIZED_AUTOS = YES_AGGRESSIVE;
				GCC_WARN_UNUSED_FUNCTION = YES;
				GCC_WARN_UNUSED_VARIABLE = YES;
				MACOSX_DEPLOYMENT_TARGET = 10.11;
				MTL_ENABLE_DEBUG_INFO = YES;
				ONLY_ACTIVE_ARCH = YES;
				SDKROOT = macosx;
				SWIFT_OPTIMIZATION_LEVEL = "-Onone";
			};
			name = Debug;
		};
		41CD89D71D05FF6600463228 /* Release */ = {
			isa = XCBuildConfiguration;
			buildSettings = {
				ALWAYS_SEARCH_USER_PATHS = NO;
				CLANG_ANALYZER_NONNULL = YES;
				CLANG_CXX_LANGUAGE_STANDARD = "gnu++0x";
				CLANG_CXX_LIBRARY = "libc++";
				CLANG_ENABLE_MODULES = YES;
				CLANG_ENABLE_OBJC_ARC = YES;
				CLANG_WARN_BOOL_CONVERSION = YES;
				CLANG_WARN_CONSTANT_CONVERSION = YES;
				CLANG_WARN_DIRECT_OBJC_ISA_USAGE = YES_ERROR;
				CLANG_WARN_EMPTY_BODY = YES;
				CLANG_WARN_ENUM_CONVERSION = YES;
				CLANG_WARN_INT_CONVERSION = YES;
				CLANG_WARN_OBJC_ROOT_CLASS = YES_ERROR;
				CLANG_WARN_UNREACHABLE_CODE = YES;
				CLANG_WARN__DUPLICATE_METHOD_MATCH = YES;
				CODE_SIGN_IDENTITY = "-";
				COPY_PHASE_STRIP = NO;
				DEBUG_INFORMATION_FORMAT = "dwarf-with-dsym";
				ENABLE_NS_ASSERTIONS = NO;
				ENABLE_STRICT_OBJC_MSGSEND = YES;
				GCC_C_LANGUAGE_STANDARD = gnu99;
				GCC_NO_COMMON_BLOCKS = YES;
				GCC_WARN_64_TO_32_BIT_CONVERSION = YES;
				GCC_WARN_ABOUT_RETURN_TYPE = YES_ERROR;
				GCC_WARN_UNDECLARED_SELECTOR = YES;
				GCC_WARN_UNINITIALIZED_AUTOS = YES_AGGRESSIVE;
				GCC_WARN_UNUSED_FUNCTION = YES;
				GCC_WARN_UNUSED_VARIABLE = YES;
				MACOSX_DEPLOYMENT_TARGET = 10.11;
				MTL_ENABLE_DEBUG_INFO = NO;
				SDKROOT = macosx;
			};
			name = Release;
		};
		41CD89D91D05FF6600463228 /* Debug */ = {
			isa = XCBuildConfiguration;
			buildSettings = {
				PRODUCT_NAME = "$(TARGET_NAME)";
			};
			name = Debug;
		};
		41CD89DA1D05FF6600463228 /* Release */ = {
			isa = XCBuildConfiguration;
			buildSettings = {
				PRODUCT_NAME = "$(TARGET_NAME)";
			};
			name = Release;
		};
/* End XCBuildConfiguration section */

/* Begin XCConfigurationList section */
		41CD89CC1D05FF6600463228 /* Build configuration list for PBXProject "polarbtdump" */ = {
			isa = XCConfigurationList;
			buildConfigurations = (
				41CD89D61D05FF6600463228 /* Debug */,
				41CD89D71D05FF6600463228 /* Release */,
			);
			defaultConfigurationIsVisible = 0;
			defaultConfigurationName = Release;
		};
		41CD89D81D05FF6600463228 /* Build configuration list for PBXNativeTarget "polarbtdump" */ = {
			isa = XCConfigurationList;
			buildConfigurations = (
				41CD89D91D05FF6600463228 /* Debug */,
				41CD89DA1D05FF6600463228 /* Release */,
			);
			defaultConfigurationIsVisible = 0;
		};
/* End XCConfigurationList section */
	};
	rootObject = 41CD89C91D05FF6600463228 /* Project object */;
}
